
Microsoft Visual Studio Solution File, Format Version 12.00
# Visual Studio Version 17
VisualStudioVersion = 17.13.35919.96 d17.13
MinimumVisualStudioVersion = 10.0.40219.1
Project("{FAE04EC0-301F-11D3-BF4B-00C04F79EFBC}") = "ma_premiere_appli", "ma_premiere_appli\ma_premiere_appli.csproj", "{9B0D7632-DD55-4978-8C65-7CCB02F56D54}"
EndProject
Global
	GlobalSection(SolutionConfigurationPlatforms) = preSolution
		Debug|Any CPU = Debug|Any CPU
		Release|Any CPU = Release|Any CPU
	EndGlobalSection
	GlobalSection(ProjectConfigurationPlatforms) = postSolution
		{9B0D7632-DD55-4978-8C65-7CCB02F56D54}.Debug|Any CPU.ActiveCfg = Debug|Any CPU
		{9B0D7632-DD55-4978-8C65-7CCB02F56D54}.Debug|Any CPU.Build.0 = Debug|Any CPU
		{9B0D7632-DD55-4978-8C65-7CCB02F56D54}.Release|Any CPU.ActiveCfg = Release|Any CPU
		{9B0D7632-DD55-4978-8C65-7CCB02F56D54}.Release|Any CPU.Build.0 = Release|Any CPU
	EndGlobalSection
	GlobalSection(SolutionProperties) = preSolution
		HideSolutionNode = FALSE
	EndGlobalSection
	GlobalSection(ExtensibilityGlobals) = postSolution
		SolutionGuid = {5C2A2EC9-701F-481A-B762-3AFED3168256}
	EndGlobalSection
EndGlobal
