
Microsoft Visual Studio Solution File, Format Version 12.00
# Visual Studio Version 17
VisualStudioVersion = 17.13.35919.96 d17.13
MinimumVisualStudioVersion = 10.0.40219.1
Project("{FAE04EC0-301F-11D3-BF4B-00C04F79EFBC}") = "Controle_bouteille", "Controle_bouteille\Controle_bouteille.csproj", "{EEE846EF-FED2-40CA-A0CD-11E2CC84C636}"
EndProject
Global
	GlobalSection(SolutionConfigurationPlatforms) = preSolution
		Debug|Any CPU = Debug|Any CPU
		Release|Any CPU = Release|Any CPU
	EndGlobalSection
	GlobalSection(ProjectConfigurationPlatforms) = postSolution
		{EEE846EF-FED2-40CA-A0CD-11E2CC84C636}.Debug|Any CPU.ActiveCfg = Debug|Any CPU
		{EEE846EF-FED2-40CA-A0CD-11E2CC84C636}.Debug|Any CPU.Build.0 = Debug|Any CPU
		{EEE846EF-FED2-40CA-A0CD-11E2CC84C636}.Release|Any CPU.ActiveCfg = Release|Any CPU
		{EEE846EF-FED2-40CA-A0CD-11E2CC84C636}.Release|Any CPU.Build.0 = Release|Any CPU
	EndGlobalSection
	GlobalSection(SolutionProperties) = preSolution
		HideSolutionNode = FALSE
	EndGlobalSection
	GlobalSection(ExtensibilityGlobals) = postSolution
		SolutionGuid = {DFD00158-D5D8-4EF7-B23A-996BFAD7C04B}
	EndGlobalSection
EndGlobal
