
Microsoft Visual Studio Solution File, Format Version 12.00
# Visual Studio Version 17
VisualStudioVersion = 17.13.35919.96 d17.13
MinimumVisualStudioVersion = 10.0.40219.1
Project("{FAE04EC0-301F-11D3-BF4B-00C04F79EFBC}") = "lireIndicateur", "lireIndicateur\lireIndicateur.csproj", "{FC8BFA62-BCB6-4577-B113-CECEF722E55D}"
EndProject
Global
	GlobalSection(SolutionConfigurationPlatforms) = preSolution
		Debug|Any CPU = Debug|Any CPU
		Release|Any CPU = Release|Any CPU
	EndGlobalSection
	GlobalSection(ProjectConfigurationPlatforms) = postSolution
		{FC8BFA62-BCB6-4577-B113-CECEF722E55D}.Debug|Any CPU.ActiveCfg = Debug|Any CPU
		{FC8BFA62-BCB6-4577-B113-CECEF722E55D}.Debug|Any CPU.Build.0 = Debug|Any CPU
		{FC8BFA62-BCB6-4577-B113-CECEF722E55D}.Release|Any CPU.ActiveCfg = Release|Any CPU
		{FC8BFA62-BCB6-4577-B113-CECEF722E55D}.Release|Any CPU.Build.0 = Release|Any CPU
	EndGlobalSection
	GlobalSection(SolutionProperties) = preSolution
		HideSolutionNode = FALSE
	EndGlobalSection
	GlobalSection(ExtensibilityGlobals) = postSolution
		SolutionGuid = {19C766E4-6623-4568-A93E-AFBF70AED16D}
	EndGlobalSection
EndGlobal
