
Microsoft Visual Studio Solution File, Format Version 12.00
# Visual Studio Version 17
VisualStudioVersion = 17.14.36408.4
MinimumVisualStudioVersion = 10.0.40219.1
Project("{FAE04EC0-301F-11D3-BF4B-00C04F79EFBC}") = "Lien POO BDD", "Lien POO BDD\Lien POO BDD.csproj", "{507834BC-3927-4910-8EA0-C193839E8E7F}"
EndProject
Global
	GlobalSection(SolutionConfigurationPlatforms) = preSolution
		Debug|Any CPU = Debug|Any CPU
		Release|Any CPU = Release|Any CPU
	EndGlobalSection
	GlobalSection(ProjectConfigurationPlatforms) = postSolution
		{507834BC-3927-4910-8EA0-C193839E8E7F}.Debug|Any CPU.ActiveCfg = Debug|Any CPU
		{507834BC-3927-4910-8EA0-C193839E8E7F}.Debug|Any CPU.Build.0 = Debug|Any CPU
		{507834BC-3927-4910-8EA0-C193839E8E7F}.Release|Any CPU.ActiveCfg = Release|Any CPU
		{507834BC-3927-4910-8EA0-C193839E8E7F}.Release|Any CPU.Build.0 = Release|Any CPU
	EndGlobalSection
	GlobalSection(SolutionProperties) = preSolution
		HideSolutionNode = FALSE
	EndGlobalSection
	GlobalSection(ExtensibilityGlobals) = postSolution
		SolutionGuid = {A4B0FA1E-88C2-48BF-9C95-16B1EB24271F}
	EndGlobalSection
EndGlobal
